
Microsoft Visual Studio Solution File, Format Version 12.00
# Visual Studio 15
VisualStudioVersion = 15.0.28010.2026
MinimumVisualStudioVersion = 10.0.40219.1
Project("{9A19103F-16F7-4668-BE54-9A1E7A4F7556}") = "Epicenter.Application", "Epicenter.Application\Epicenter.Application.csproj", "{B489A877-B7EA-4DD3-BE51-B3AB94EFCC62}"
EndProject
Project("{FAE04EC0-301F-11D3-BF4B-00C04F79EFBC}") = "Epicenter.Infrastructure", "Epicenter.Infrastructure\Epicenter.Infrastructure.csproj", "{1F2D0AAC-B093-4C3E-A093-01D5C66924BC}"
EndProject
Project("{FAE04EC0-301F-11D3-BF4B-00C04F79EFBC}") = "Epicenter.Domain", "Epicenter.Domain\Epicenter.Domain.csproj", "{2C517608-739A-45B0-846A-D16A594BDEC5}"
EndProject
Project("{FAE04EC0-301F-11D3-BF4B-00C04F79EFBC}") = "Epicenter.Persistence", "Epicenter.Persistence\Epicenter.Persistence.csproj", "{56B4878A-5509-4E91-923F-45E6FCCEBE87}"
EndProject
Global
	GlobalSection(SolutionConfigurationPlatforms) = preSolution
		Debug|Any CPU = Debug|Any CPU
		Release|Any CPU = Release|Any CPU
	EndGlobalSection
	GlobalSection(ProjectConfigurationPlatforms) = postSolution
		{B489A877-B7EA-4DD3-BE51-B3AB94EFCC62}.Debug|Any CPU.ActiveCfg = Debug|Any CPU
		{B489A877-B7EA-4DD3-BE51-B3AB94EFCC62}.Debug|Any CPU.Build.0 = Debug|Any CPU
		{B489A877-B7EA-4DD3-BE51-B3AB94EFCC62}.Release|Any CPU.ActiveCfg = Release|Any CPU
		{B489A877-B7EA-4DD3-BE51-B3AB94EFCC62}.Release|Any CPU.Build.0 = Release|Any CPU
		{1F2D0AAC-B093-4C3E-A093-01D5C66924BC}.Debug|Any CPU.ActiveCfg = Debug|Any CPU
		{1F2D0AAC-B093-4C3E-A093-01D5C66924BC}.Debug|Any CPU.Build.0 = Debug|Any CPU
		{1F2D0AAC-B093-4C3E-A093-01D5C66924BC}.Release|Any CPU.ActiveCfg = Release|Any CPU
		{1F2D0AAC-B093-4C3E-A093-01D5C66924BC}.Release|Any CPU.Build.0 = Release|Any CPU
		{2C517608-739A-45B0-846A-D16A594BDEC5}.Debug|Any CPU.ActiveCfg = Debug|Any CPU
		{2C517608-739A-45B0-846A-D16A594BDEC5}.Debug|Any CPU.Build.0 = Debug|Any CPU
		{2C517608-739A-45B0-846A-D16A594BDEC5}.Release|Any CPU.ActiveCfg = Release|Any CPU
		{2C517608-739A-45B0-846A-D16A594BDEC5}.Release|Any CPU.Build.0 = Release|Any CPU
		{56B4878A-5509-4E91-923F-45E6FCCEBE87}.Debug|Any CPU.ActiveCfg = Debug|Any CPU
		{56B4878A-5509-4E91-923F-45E6FCCEBE87}.Debug|Any CPU.Build.0 = Debug|Any CPU
		{56B4878A-5509-4E91-923F-45E6FCCEBE87}.Release|Any CPU.ActiveCfg = Release|Any CPU
		{56B4878A-5509-4E91-923F-45E6FCCEBE87}.Release|Any CPU.Build.0 = Release|Any CPU
	EndGlobalSection
	GlobalSection(SolutionProperties) = preSolution
		HideSolutionNode = FALSE
	EndGlobalSection
	GlobalSection(ExtensibilityGlobals) = postSolution
		SolutionGuid = {49750E11-222D-4E6C-969B-E231D0C93AE8}
	EndGlobalSection
EndGlobal
