
Microsoft Visual Studio Solution File, Format Version 12.00
# Visual Studio 15
VisualStudioVersion = 15.0.28010.2026
MinimumVisualStudioVersion = 10.0.40219.1
Project("{FAE04EC0-301F-11D3-BF4B-00C04F79EFBC}") = "epicenter.Android", "epicenter\epicenter.Android\epicenter.Android.csproj", "{FDBB06CD-CF51-49A7-BFF7-F1DB39085ADC}"
EndProject
Project("{FAE04EC0-301F-11D3-BF4B-00C04F79EFBC}") = "epicenter.iOS", "epicenter\epicenter.iOS\epicenter.iOS.csproj", "{5BBD8C23-3972-477A-ACF8-0639B685B422}"
EndProject
Project("{FAE04EC0-301F-11D3-BF4B-00C04F79EFBC}") = "epicenter.UWP", "epicenter\epicenter.UWP\epicenter.UWP.csproj", "{1D433264-2630-43D9-A4F1-578381C3DC50}"
EndProject
Project("{FAE04EC0-301F-11D3-BF4B-00C04F79EFBC}") = "epicenter", "epicenter\epicenter\epicenter.csproj", "{CAFA01A2-C98C-4E54-BEA0-F0CDE0DDAE15}"
EndProject
Global
	GlobalSection(SolutionConfigurationPlatforms) = preSolution
		Ad-Hoc|Any CPU = Ad-Hoc|Any CPU
		Ad-Hoc|ARM = Ad-Hoc|ARM
		Ad-Hoc|iPhone = Ad-Hoc|iPhone
		Ad-Hoc|iPhoneSimulator = Ad-Hoc|iPhoneSimulator
		Ad-Hoc|x64 = Ad-Hoc|x64
		Ad-Hoc|x86 = Ad-Hoc|x86
		AppStore|Any CPU = AppStore|Any CPU
		AppStore|ARM = AppStore|ARM
		AppStore|iPhone = AppStore|iPhone
		AppStore|iPhoneSimulator = AppStore|iPhoneSimulator
		AppStore|x64 = AppStore|x64
		AppStore|x86 = AppStore|x86
		Debug|Any CPU = Debug|Any CPU
		Debug|ARM = Debug|ARM
		Debug|iPhone = Debug|iPhone
		Debug|iPhoneSimulator = Debug|iPhoneSimulator
		Debug|x64 = Debug|x64
		Debug|x86 = Debug|x86
		Release|Any CPU = Release|Any CPU
		Release|ARM = Release|ARM
		Release|iPhone = Release|iPhone
		Release|iPhoneSimulator = Release|iPhoneSimulator
		Release|x64 = Release|x64
		Release|x86 = Release|x86
	EndGlobalSection
	GlobalSection(ProjectConfigurationPlatforms) = postSolution
		{FDBB06CD-CF51-49A7-BFF7-F1DB39085ADC}.Ad-Hoc|Any CPU.ActiveCfg = Release|Any CPU
		{FDBB06CD-CF51-49A7-BFF7-F1DB39085ADC}.Ad-Hoc|Any CPU.Build.0 = Release|Any CPU
		{FDBB06CD-CF51-49A7-BFF7-F1DB39085ADC}.Ad-Hoc|Any CPU.Deploy.0 = Release|Any CPU
		{FDBB06CD-CF51-49A7-BFF7-F1DB39085ADC}.Ad-Hoc|ARM.ActiveCfg = Release|Any CPU
		{FDBB06CD-CF51-49A7-BFF7-F1DB39085ADC}.Ad-Hoc|ARM.Build.0 = Release|Any CPU
		{FDBB06CD-CF51-49A7-BFF7-F1DB39085ADC}.Ad-Hoc|ARM.Deploy.0 = Release|Any CPU
		{FDBB06CD-CF51-49A7-BFF7-F1DB39085ADC}.Ad-Hoc|iPhone.ActiveCfg = Release|Any CPU
		{FDBB06CD-CF51-49A7-BFF7-F1DB39085ADC}.Ad-Hoc|iPhone.Build.0 = Release|Any CPU
		{FDBB06CD-CF51-49A7-BFF7-F1DB39085ADC}.Ad-Hoc|iPhone.Deploy.0 = Release|Any CPU
		{FDBB06CD-CF51-49A7-BFF7-F1DB39085ADC}.Ad-Hoc|iPhoneSimulator.ActiveCfg = Release|Any CPU
		{FDBB06CD-CF51-49A7-BFF7-F1DB39085ADC}.Ad-Hoc|iPhoneSimulator.Build.0 = Release|Any CPU
		{FDBB06CD-CF51-49A7-BFF7-F1DB39085ADC}.Ad-Hoc|iPhoneSimulator.Deploy.0 = Release|Any CPU
		{FDBB06CD-CF51-49A7-BFF7-F1DB39085ADC}.Ad-Hoc|x64.ActiveCfg = Release|Any CPU
		{FDBB06CD-CF51-49A7-BFF7-F1DB39085ADC}.Ad-Hoc|x64.Build.0 = Release|Any CPU
		{FDBB06CD-CF51-49A7-BFF7-F1DB39085ADC}.Ad-Hoc|x64.Deploy.0 = Release|Any CPU
		{FDBB06CD-CF51-49A7-BFF7-F1DB39085ADC}.Ad-Hoc|x86.ActiveCfg = Release|Any CPU
		{FDBB06CD-CF51-49A7-BFF7-F1DB39085ADC}.Ad-Hoc|x86.Build.0 = Release|Any CPU
		{FDBB06CD-CF51-49A7-BFF7-F1DB39085ADC}.Ad-Hoc|x86.Deploy.0 = Release|Any CPU
		{FDBB06CD-CF51-49A7-BFF7-F1DB39085ADC}.AppStore|Any CPU.ActiveCfg = Release|Any CPU
		{FDBB06CD-CF51-49A7-BFF7-F1DB39085ADC}.AppStore|Any CPU.Build.0 = Release|Any CPU
		{FDBB06CD-CF51-49A7-BFF7-F1DB39085ADC}.AppStore|Any CPU.Deploy.0 = Release|Any CPU
		{FDBB06CD-CF51-49A7-BFF7-F1DB39085ADC}.AppStore|ARM.ActiveCfg = Release|Any CPU
		{FDBB06CD-CF51-49A7-BFF7-F1DB39085ADC}.AppStore|ARM.Build.0 = Release|Any CPU
		{FDBB06CD-CF51-49A7-BFF7-F1DB39085ADC}.AppStore|ARM.Deploy.0 = Release|Any CPU
		{FDBB06CD-CF51-49A7-BFF7-F1DB39085ADC}.AppStore|iPhone.ActiveCfg = Release|Any CPU
		{FDBB06CD-CF51-49A7-BFF7-F1DB39085ADC}.AppStore|iPhone.Build.0 = Release|Any CPU
		{FDBB06CD-CF51-49A7-BFF7-F1DB39085ADC}.AppStore|iPhone.Deploy.0 = Release|Any CPU
		{FDBB06CD-CF51-49A7-BFF7-F1DB39085ADC}.AppStore|iPhoneSimulator.ActiveCfg = Release|Any CPU
		{FDBB06CD-CF51-49A7-BFF7-F1DB39085ADC}.AppStore|iPhoneSimulator.Build.0 = Release|Any CPU
		{FDBB06CD-CF51-49A7-BFF7-F1DB39085ADC}.AppStore|iPhoneSimulator.Deploy.0 = Release|Any CPU
		{FDBB06CD-CF51-49A7-BFF7-F1DB39085ADC}.AppStore|x64.ActiveCfg = Release|Any CPU
		{FDBB06CD-CF51-49A7-BFF7-F1DB39085ADC}.AppStore|x64.Build.0 = Release|Any CPU
		{FDBB06CD-CF51-49A7-BFF7-F1DB39085ADC}.AppStore|x64.Deploy.0 = Release|Any CPU
		{FDBB06CD-CF51-49A7-BFF7-F1DB39085ADC}.AppStore|x86.ActiveCfg = Release|Any CPU
		{FDBB06CD-CF51-49A7-BFF7-F1DB39085ADC}.AppStore|x86.Build.0 = Release|Any CPU
		{FDBB06CD-CF51-49A7-BFF7-F1DB39085ADC}.AppStore|x86.Deploy.0 = Release|Any CPU
		{FDBB06CD-CF51-49A7-BFF7-F1DB39085ADC}.Debug|Any CPU.ActiveCfg = Debug|Any CPU
		{FDBB06CD-CF51-49A7-BFF7-F1DB39085ADC}.Debug|Any CPU.Build.0 = Debug|Any CPU
		{FDBB06CD-CF51-49A7-BFF7-F1DB39085ADC}.Debug|Any CPU.Deploy.0 = Debug|Any CPU
		{FDBB06CD-CF51-49A7-BFF7-F1DB39085ADC}.Debug|ARM.ActiveCfg = Debug|Any CPU
		{FDBB06CD-CF51-49A7-BFF7-F1DB39085ADC}.Debug|ARM.Build.0 = Debug|Any CPU
		{FDBB06CD-CF51-49A7-BFF7-F1DB39085ADC}.Debug|ARM.Deploy.0 = Debug|Any CPU
		{FDBB06CD-CF51-49A7-BFF7-F1DB39085ADC}.Debug|iPhone.ActiveCfg = Debug|Any CPU
		{FDBB06CD-CF51-49A7-BFF7-F1DB39085ADC}.Debug|iPhone.Build.0 = Debug|Any CPU
		{FDBB06CD-CF51-49A7-BFF7-F1DB39085ADC}.Debug|iPhone.Deploy.0 = Debug|Any CPU
		{FDBB06CD-CF51-49A7-BFF7-F1DB39085ADC}.Debug|iPhoneSimulator.ActiveCfg = Debug|Any CPU
		{FDBB06CD-CF51-49A7-BFF7-F1DB39085ADC}.Debug|iPhoneSimulator.Build.0 = Debug|Any CPU
		{FDBB06CD-CF51-49A7-BFF7-F1DB39085ADC}.Debug|iPhoneSimulator.Deploy.0 = Debug|Any CPU
		{FDBB06CD-CF51-49A7-BFF7-F1DB39085ADC}.Debug|x64.ActiveCfg = Debug|Any CPU
		{FDBB06CD-CF51-49A7-BFF7-F1DB39085ADC}.Debug|x64.Build.0 = Debug|Any CPU
		{FDBB06CD-CF51-49A7-BFF7-F1DB39085ADC}.Debug|x64.Deploy.0 = Debug|Any CPU
		{FDBB06CD-CF51-49A7-BFF7-F1DB39085ADC}.Debug|x86.ActiveCfg = Debug|Any CPU
		{FDBB06CD-CF51-49A7-BFF7-F1DB39085ADC}.Debug|x86.Build.0 = Debug|Any CPU
		{FDBB06CD-CF51-49A7-BFF7-F1DB39085ADC}.Debug|x86.Deploy.0 = Debug|Any CPU
		{FDBB06CD-CF51-49A7-BFF7-F1DB39085ADC}.Release|Any CPU.ActiveCfg = Release|Any CPU
		{FDBB06CD-CF51-49A7-BFF7-F1DB39085ADC}.Release|Any CPU.Build.0 = Release|Any CPU
		{FDBB06CD-CF51-49A7-BFF7-F1DB39085ADC}.Release|Any CPU.Deploy.0 = Release|Any CPU
		{FDBB06CD-CF51-49A7-BFF7-F1DB39085ADC}.Release|ARM.ActiveCfg = Release|Any CPU
		{FDBB06CD-CF51-49A7-BFF7-F1DB39085ADC}.Release|ARM.Build.0 = Release|Any CPU
		{FDBB06CD-CF51-49A7-BFF7-F1DB39085ADC}.Release|ARM.Deploy.0 = Release|Any CPU
		{FDBB06CD-CF51-49A7-BFF7-F1DB39085ADC}.Release|iPhone.ActiveCfg = Release|Any CPU
		{FDBB06CD-CF51-49A7-BFF7-F1DB39085ADC}.Release|iPhone.Build.0 = Release|Any CPU
		{FDBB06CD-CF51-49A7-BFF7-F1DB39085ADC}.Release|iPhone.Deploy.0 = Release|Any CPU
		{FDBB06CD-CF51-49A7-BFF7-F1DB39085ADC}.Release|iPhoneSimulator.ActiveCfg = Release|Any CPU
		{FDBB06CD-CF51-49A7-BFF7-F1DB39085ADC}.Release|iPhoneSimulator.Build.0 = Release|Any CPU
		{FDBB06CD-CF51-49A7-BFF7-F1DB39085ADC}.Release|iPhoneSimulator.Deploy.0 = Release|Any CPU
		{FDBB06CD-CF51-49A7-BFF7-F1DB39085ADC}.Release|x64.ActiveCfg = Release|Any CPU
		{FDBB06CD-CF51-49A7-BFF7-F1DB39085ADC}.Release|x64.Build.0 = Release|Any CPU
		{FDBB06CD-CF51-49A7-BFF7-F1DB39085ADC}.Release|x64.Deploy.0 = Release|Any CPU
		{FDBB06CD-CF51-49A7-BFF7-F1DB39085ADC}.Release|x86.ActiveCfg = Release|Any CPU
		{FDBB06CD-CF51-49A7-BFF7-F1DB39085ADC}.Release|x86.Build.0 = Release|Any CPU
		{FDBB06CD-CF51-49A7-BFF7-F1DB39085ADC}.Release|x86.Deploy.0 = Release|Any CPU
		{5BBD8C23-3972-477A-ACF8-0639B685B422}.Ad-Hoc|Any CPU.ActiveCfg = Ad-Hoc|iPhone
		{5BBD8C23-3972-477A-ACF8-0639B685B422}.Ad-Hoc|Any CPU.Build.0 = Ad-Hoc|iPhone
		{5BBD8C23-3972-477A-ACF8-0639B685B422}.Ad-Hoc|Any CPU.Deploy.0 = Ad-Hoc|iPhone
		{5BBD8C23-3972-477A-ACF8-0639B685B422}.Ad-Hoc|ARM.ActiveCfg = Ad-Hoc|iPhone
		{5BBD8C23-3972-477A-ACF8-0639B685B422}.Ad-Hoc|ARM.Build.0 = Ad-Hoc|iPhone
		{5BBD8C23-3972-477A-ACF8-0639B685B422}.Ad-Hoc|ARM.Deploy.0 = Ad-Hoc|iPhone
		{5BBD8C23-3972-477A-ACF8-0639B685B422}.Ad-Hoc|iPhone.ActiveCfg = Ad-Hoc|iPhone
		{5BBD8C23-3972-477A-ACF8-0639B685B422}.Ad-Hoc|iPhone.Build.0 = Ad-Hoc|iPhone
		{5BBD8C23-3972-477A-ACF8-0639B685B422}.Ad-Hoc|iPhone.Deploy.0 = Ad-Hoc|iPhone
		{5BBD8C23-3972-477A-ACF8-0639B685B422}.Ad-Hoc|iPhoneSimulator.ActiveCfg = Ad-Hoc|iPhoneSimulator
		{5BBD8C23-3972-477A-ACF8-0639B685B422}.Ad-Hoc|iPhoneSimulator.Build.0 = Ad-Hoc|iPhoneSimulator
		{5BBD8C23-3972-477A-ACF8-0639B685B422}.Ad-Hoc|iPhoneSimulator.Deploy.0 = Ad-Hoc|iPhoneSimulator
		{5BBD8C23-3972-477A-ACF8-0639B685B422}.Ad-Hoc|x64.ActiveCfg = Ad-Hoc|iPhone
		{5BBD8C23-3972-477A-ACF8-0639B685B422}.Ad-Hoc|x64.Build.0 = Ad-Hoc|iPhone
		{5BBD8C23-3972-477A-ACF8-0639B685B422}.Ad-Hoc|x64.Deploy.0 = Ad-Hoc|iPhone
		{5BBD8C23-3972-477A-ACF8-0639B685B422}.Ad-Hoc|x86.ActiveCfg = Ad-Hoc|iPhone
		{5BBD8C23-3972-477A-ACF8-0639B685B422}.Ad-Hoc|x86.Build.0 = Ad-Hoc|iPhone
		{5BBD8C23-3972-477A-ACF8-0639B685B422}.Ad-Hoc|x86.Deploy.0 = Ad-Hoc|iPhone
		{5BBD8C23-3972-477A-ACF8-0639B685B422}.AppStore|Any CPU.ActiveCfg = AppStore|iPhone
		{5BBD8C23-3972-477A-ACF8-0639B685B422}.AppStore|Any CPU.Build.0 = AppStore|iPhone
		{5BBD8C23-3972-477A-ACF8-0639B685B422}.AppStore|Any CPU.Deploy.0 = AppStore|iPhone
		{5BBD8C23-3972-477A-ACF8-0639B685B422}.AppStore|ARM.ActiveCfg = AppStore|iPhone
		{5BBD8C23-3972-477A-ACF8-0639B685B422}.AppStore|ARM.Build.0 = AppStore|iPhone
		{5BBD8C23-3972-477A-ACF8-0639B685B422}.AppStore|ARM.Deploy.0 = AppStore|iPhone
		{5BBD8C23-3972-477A-ACF8-0639B685B422}.AppStore|iPhone.ActiveCfg = AppStore|iPhone
		{5BBD8C23-3972-477A-ACF8-0639B685B422}.AppStore|iPhone.Build.0 = AppStore|iPhone
		{5BBD8C23-3972-477A-ACF8-0639B685B422}.AppStore|iPhone.Deploy.0 = AppStore|iPhone
		{5BBD8C23-3972-477A-ACF8-0639B685B422}.AppStore|iPhoneSimulator.ActiveCfg = AppStore|iPhoneSimulator
		{5BBD8C23-3972-477A-ACF8-0639B685B422}.AppStore|iPhoneSimulator.Build.0 = AppStore|iPhoneSimulator
		{5BBD8C23-3972-477A-ACF8-0639B685B422}.AppStore|iPhoneSimulator.Deploy.0 = AppStore|iPhoneSimulator
		{5BBD8C23-3972-477A-ACF8-0639B685B422}.AppStore|x64.ActiveCfg = AppStore|iPhone
		{5BBD8C23-3972-477A-ACF8-0639B685B422}.AppStore|x64.Build.0 = AppStore|iPhone
		{5BBD8C23-3972-477A-ACF8-0639B685B422}.AppStore|x64.Deploy.0 = AppStore|iPhone
		{5BBD8C23-3972-477A-ACF8-0639B685B422}.AppStore|x86.ActiveCfg = AppStore|iPhone
		{5BBD8C23-3972-477A-ACF8-0639B685B422}.AppStore|x86.Build.0 = AppStore|iPhone
		{5BBD8C23-3972-477A-ACF8-0639B685B422}.AppStore|x86.Deploy.0 = AppStore|iPhone
		{5BBD8C23-3972-477A-ACF8-0639B685B422}.Debug|Any CPU.ActiveCfg = Debug|iPhoneSimulator
		{5BBD8C23-3972-477A-ACF8-0639B685B422}.Debug|Any CPU.Build.0 = Debug|iPhoneSimulator
		{5BBD8C23-3972-477A-ACF8-0639B685B422}.Debug|Any CPU.Deploy.0 = Debug|iPhoneSimulator
		{5BBD8C23-3972-477A-ACF8-0639B685B422}.Debug|ARM.ActiveCfg = Debug|iPhone
		{5BBD8C23-3972-477A-ACF8-0639B685B422}.Debug|ARM.Build.0 = Debug|iPhone
		{5BBD8C23-3972-477A-ACF8-0639B685B422}.Debug|ARM.Deploy.0 = Debug|iPhone
		{5BBD8C23-3972-477A-ACF8-0639B685B422}.Debug|iPhone.ActiveCfg = Debug|iPhone
		{5BBD8C23-3972-477A-ACF8-0639B685B422}.Debug|iPhone.Build.0 = Debug|iPhone
		{5BBD8C23-3972-477A-ACF8-0639B685B422}.Debug|iPhone.Deploy.0 = Debug|iPhone
		{5BBD8C23-3972-477A-ACF8-0639B685B422}.Debug|iPhoneSimulator.ActiveCfg = Debug|iPhoneSimulator
		{5BBD8C23-3972-477A-ACF8-0639B685B422}.Debug|iPhoneSimulator.Build.0 = Debug|iPhoneSimulator
		{5BBD8C23-3972-477A-ACF8-0639B685B422}.Debug|iPhoneSimulator.Deploy.0 = Debug|iPhoneSimulator
		{5BBD8C23-3972-477A-ACF8-0639B685B422}.Debug|x64.ActiveCfg = Debug|iPhone
		{5BBD8C23-3972-477A-ACF8-0639B685B422}.Debug|x64.Build.0 = Debug|iPhone
		{5BBD8C23-3972-477A-ACF8-0639B685B422}.Debug|x64.Deploy.0 = Debug|iPhone
		{5BBD8C23-3972-477A-ACF8-0639B685B422}.Debug|x86.ActiveCfg = Debug|iPhone
		{5BBD8C23-3972-477A-ACF8-0639B685B422}.Debug|x86.Build.0 = Debug|iPhone
		{5BBD8C23-3972-477A-ACF8-0639B685B422}.Debug|x86.Deploy.0 = Debug|iPhone
		{5BBD8C23-3972-477A-ACF8-0639B685B422}.Release|Any CPU.ActiveCfg = Release|iPhone
		{5BBD8C23-3972-477A-ACF8-0639B685B422}.Release|Any CPU.Build.0 = Release|iPhone
		{5BBD8C23-3972-477A-ACF8-0639B685B422}.Release|Any CPU.Deploy.0 = Release|iPhone
		{5BBD8C23-3972-477A-ACF8-0639B685B422}.Release|ARM.ActiveCfg = Release|iPhone
		{5BBD8C23-3972-477A-ACF8-0639B685B422}.Release|ARM.Build.0 = Release|iPhone
		{5BBD8C23-3972-477A-ACF8-0639B685B422}.Release|ARM.Deploy.0 = Release|iPhone
		{5BBD8C23-3972-477A-ACF8-0639B685B422}.Release|iPhone.ActiveCfg = Release|iPhone
		{5BBD8C23-3972-477A-ACF8-0639B685B422}.Release|iPhone.Build.0 = Release|iPhone
		{5BBD8C23-3972-477A-ACF8-0639B685B422}.Release|iPhone.Deploy.0 = Release|iPhone
		{5BBD8C23-3972-477A-ACF8-0639B685B422}.Release|iPhoneSimulator.ActiveCfg = Release|iPhoneSimulator
		{5BBD8C23-3972-477A-ACF8-0639B685B422}.Release|iPhoneSimulator.Build.0 = Release|iPhoneSimulator
		{5BBD8C23-3972-477A-ACF8-0639B685B422}.Release|iPhoneSimulator.Deploy.0 = Release|iPhoneSimulator
		{5BBD8C23-3972-477A-ACF8-0639B685B422}.Release|x64.ActiveCfg = Release|iPhone
		{5BBD8C23-3972-477A-ACF8-0639B685B422}.Release|x64.Build.0 = Release|iPhone
		{5BBD8C23-3972-477A-ACF8-0639B685B422}.Release|x64.Deploy.0 = Release|iPhone
		{5BBD8C23-3972-477A-ACF8-0639B685B422}.Release|x86.ActiveCfg = Release|iPhone
		{5BBD8C23-3972-477A-ACF8-0639B685B422}.Release|x86.Build.0 = Release|iPhone
		{5BBD8C23-3972-477A-ACF8-0639B685B422}.Release|x86.Deploy.0 = Release|iPhone
		{1D433264-2630-43D9-A4F1-578381C3DC50}.Ad-Hoc|Any CPU.ActiveCfg = Release|x86
		{1D433264-2630-43D9-A4F1-578381C3DC50}.Ad-Hoc|Any CPU.Build.0 = Release|x86
		{1D433264-2630-43D9-A4F1-578381C3DC50}.Ad-Hoc|Any CPU.Deploy.0 = Release|x86
		{1D433264-2630-43D9-A4F1-578381C3DC50}.Ad-Hoc|ARM.ActiveCfg = Release|ARM
		{1D433264-2630-43D9-A4F1-578381C3DC50}.Ad-Hoc|ARM.Build.0 = Release|ARM
		{1D433264-2630-43D9-A4F1-578381C3DC50}.Ad-Hoc|ARM.Deploy.0 = Release|ARM
		{1D433264-2630-43D9-A4F1-578381C3DC50}.Ad-Hoc|iPhone.ActiveCfg = Release|x86
		{1D433264-2630-43D9-A4F1-578381C3DC50}.Ad-Hoc|iPhone.Build.0 = Release|x86
		{1D433264-2630-43D9-A4F1-578381C3DC50}.Ad-Hoc|iPhone.Deploy.0 = Release|x86
		{1D433264-2630-43D9-A4F1-578381C3DC50}.Ad-Hoc|iPhoneSimulator.ActiveCfg = Release|x86
		{1D433264-2630-43D9-A4F1-578381C3DC50}.Ad-Hoc|iPhoneSimulator.Build.0 = Release|x86
		{1D433264-2630-43D9-A4F1-578381C3DC50}.Ad-Hoc|iPhoneSimulator.Deploy.0 = Release|x86
		{1D433264-2630-43D9-A4F1-578381C3DC50}.Ad-Hoc|x64.ActiveCfg = Release|x64
		{1D433264-2630-43D9-A4F1-578381C3DC50}.Ad-Hoc|x64.Build.0 = Release|x64
		{1D433264-2630-43D9-A4F1-578381C3DC50}.Ad-Hoc|x64.Deploy.0 = Release|x64
		{1D433264-2630-43D9-A4F1-578381C3DC50}.Ad-Hoc|x86.ActiveCfg = Release|x86
		{1D433264-2630-43D9-A4F1-578381C3DC50}.Ad-Hoc|x86.Build.0 = Release|x86
		{1D433264-2630-43D9-A4F1-578381C3DC50}.Ad-Hoc|x86.Deploy.0 = Release|x86
		{1D433264-2630-43D9-A4F1-578381C3DC50}.AppStore|Any CPU.ActiveCfg = Release|x86
		{1D433264-2630-43D9-A4F1-578381C3DC50}.AppStore|Any CPU.Build.0 = Release|x86
		{1D433264-2630-43D9-A4F1-578381C3DC50}.AppStore|Any CPU.Deploy.0 = Release|x86
		{1D433264-2630-43D9-A4F1-578381C3DC50}.AppStore|ARM.ActiveCfg = Release|ARM
		{1D433264-2630-43D9-A4F1-578381C3DC50}.AppStore|ARM.Build.0 = Release|ARM
		{1D433264-2630-43D9-A4F1-578381C3DC50}.AppStore|ARM.Deploy.0 = Release|ARM
		{1D433264-2630-43D9-A4F1-578381C3DC50}.AppStore|iPhone.ActiveCfg = Release|x86
		{1D433264-2630-43D9-A4F1-578381C3DC50}.AppStore|iPhone.Build.0 = Release|x86
		{1D433264-2630-43D9-A4F1-578381C3DC50}.AppStore|iPhone.Deploy.0 = Release|x86
		{1D433264-2630-43D9-A4F1-578381C3DC50}.AppStore|iPhoneSimulator.ActiveCfg = Release|x86
		{1D433264-2630-43D9-A4F1-578381C3DC50}.AppStore|iPhoneSimulator.Build.0 = Release|x86
		{1D433264-2630-43D9-A4F1-578381C3DC50}.AppStore|iPhoneSimulator.Deploy.0 = Release|x86
		{1D433264-2630-43D9-A4F1-578381C3DC50}.AppStore|x64.ActiveCfg = Release|x64
		{1D433264-2630-43D9-A4F1-578381C3DC50}.AppStore|x64.Build.0 = Release|x64
		{1D433264-2630-43D9-A4F1-578381C3DC50}.AppStore|x64.Deploy.0 = Release|x64
		{1D433264-2630-43D9-A4F1-578381C3DC50}.AppStore|x86.ActiveCfg = Release|x86
		{1D433264-2630-43D9-A4F1-578381C3DC50}.AppStore|x86.Build.0 = Release|x86
		{1D433264-2630-43D9-A4F1-578381C3DC50}.AppStore|x86.Deploy.0 = Release|x86
		{1D433264-2630-43D9-A4F1-578381C3DC50}.Debug|Any CPU.ActiveCfg = Debug|x86
		{1D433264-2630-43D9-A4F1-578381C3DC50}.Debug|Any CPU.Build.0 = Debug|x86
		{1D433264-2630-43D9-A4F1-578381C3DC50}.Debug|Any CPU.Deploy.0 = Debug|x86
		{1D433264-2630-43D9-A4F1-578381C3DC50}.Debug|ARM.ActiveCfg = Debug|ARM
		{1D433264-2630-43D9-A4F1-578381C3DC50}.Debug|ARM.Build.0 = Debug|ARM
		{1D433264-2630-43D9-A4F1-578381C3DC50}.Debug|ARM.Deploy.0 = Debug|ARM
		{1D433264-2630-43D9-A4F1-578381C3DC50}.Debug|iPhone.ActiveCfg = Debug|x86
		{1D433264-2630-43D9-A4F1-578381C3DC50}.Debug|iPhone.Build.0 = Debug|x86
		{1D433264-2630-43D9-A4F1-578381C3DC50}.Debug|iPhone.Deploy.0 = Debug|x86
		{1D433264-2630-43D9-A4F1-578381C3DC50}.Debug|iPhoneSimulator.ActiveCfg = Debug|x86
		{1D433264-2630-43D9-A4F1-578381C3DC50}.Debug|iPhoneSimulator.Build.0 = Debug|x86
		{1D433264-2630-43D9-A4F1-578381C3DC50}.Debug|iPhoneSimulator.Deploy.0 = Debug|x86
		{1D433264-2630-43D9-A4F1-578381C3DC50}.Debug|x64.ActiveCfg = Debug|x64
		{1D433264-2630-43D9-A4F1-578381C3DC50}.Debug|x64.Build.0 = Debug|x64
		{1D433264-2630-43D9-A4F1-578381C3DC50}.Debug|x64.Deploy.0 = Debug|x64
		{1D433264-2630-43D9-A4F1-578381C3DC50}.Debug|x86.ActiveCfg = Debug|x86
		{1D433264-2630-43D9-A4F1-578381C3DC50}.Debug|x86.Build.0 = Debug|x86
		{1D433264-2630-43D9-A4F1-578381C3DC50}.Debug|x86.Deploy.0 = Debug|x86
		{1D433264-2630-43D9-A4F1-578381C3DC50}.Release|Any CPU.ActiveCfg = Release|x86
		{1D433264-2630-43D9-A4F1-578381C3DC50}.Release|Any CPU.Build.0 = Release|x86
		{1D433264-2630-43D9-A4F1-578381C3DC50}.Release|Any CPU.Deploy.0 = Release|x86
		{1D433264-2630-43D9-A4F1-578381C3DC50}.Release|ARM.ActiveCfg = Release|ARM
		{1D433264-2630-43D9-A4F1-578381C3DC50}.Release|ARM.Build.0 = Release|ARM
		{1D433264-2630-43D9-A4F1-578381C3DC50}.Release|ARM.Deploy.0 = Release|ARM
		{1D433264-2630-43D9-A4F1-578381C3DC50}.Release|iPhone.ActiveCfg = Release|x86
		{1D433264-2630-43D9-A4F1-578381C3DC50}.Release|iPhone.Build.0 = Release|x86
		{1D433264-2630-43D9-A4F1-578381C3DC50}.Release|iPhone.Deploy.0 = Release|x86
		{1D433264-2630-43D9-A4F1-578381C3DC50}.Release|iPhoneSimulator.ActiveCfg = Release|x86
		{1D433264-2630-43D9-A4F1-578381C3DC50}.Release|iPhoneSimulator.Build.0 = Release|x86
		{1D433264-2630-43D9-A4F1-578381C3DC50}.Release|iPhoneSimulator.Deploy.0 = Release|x86
		{1D433264-2630-43D9-A4F1-578381C3DC50}.Release|x64.ActiveCfg = Release|x64
		{1D433264-2630-43D9-A4F1-578381C3DC50}.Release|x64.Build.0 = Release|x64
		{1D433264-2630-43D9-A4F1-578381C3DC50}.Release|x64.Deploy.0 = Release|x64
		{1D433264-2630-43D9-A4F1-578381C3DC50}.Release|x86.ActiveCfg = Release|x86
		{1D433264-2630-43D9-A4F1-578381C3DC50}.Release|x86.Build.0 = Release|x86
		{1D433264-2630-43D9-A4F1-578381C3DC50}.Release|x86.Deploy.0 = Release|x86
		{CAFA01A2-C98C-4E54-BEA0-F0CDE0DDAE15}.Ad-Hoc|Any CPU.ActiveCfg = Debug|Any CPU
		{CAFA01A2-C98C-4E54-BEA0-F0CDE0DDAE15}.Ad-Hoc|Any CPU.Build.0 = Debug|Any CPU
		{CAFA01A2-C98C-4E54-BEA0-F0CDE0DDAE15}.Ad-Hoc|Any CPU.Deploy.0 = Debug|Any CPU
		{CAFA01A2-C98C-4E54-BEA0-F0CDE0DDAE15}.Ad-Hoc|ARM.ActiveCfg = Debug|Any CPU
		{CAFA01A2-C98C-4E54-BEA0-F0CDE0DDAE15}.Ad-Hoc|ARM.Build.0 = Debug|Any CPU
		{CAFA01A2-C98C-4E54-BEA0-F0CDE0DDAE15}.Ad-Hoc|ARM.Deploy.0 = Debug|Any CPU
		{CAFA01A2-C98C-4E54-BEA0-F0CDE0DDAE15}.Ad-Hoc|iPhone.ActiveCfg = Debug|Any CPU
		{CAFA01A2-C98C-4E54-BEA0-F0CDE0DDAE15}.Ad-Hoc|iPhone.Build.0 = Debug|Any CPU
		{CAFA01A2-C98C-4E54-BEA0-F0CDE0DDAE15}.Ad-Hoc|iPhone.Deploy.0 = Debug|Any CPU
		{CAFA01A2-C98C-4E54-BEA0-F0CDE0DDAE15}.Ad-Hoc|iPhoneSimulator.ActiveCfg = Debug|Any CPU
		{CAFA01A2-C98C-4E54-BEA0-F0CDE0DDAE15}.Ad-Hoc|iPhoneSimulator.Build.0 = Debug|Any CPU
		{CAFA01A2-C98C-4E54-BEA0-F0CDE0DDAE15}.Ad-Hoc|iPhoneSimulator.Deploy.0 = Debug|Any CPU
		{CAFA01A2-C98C-4E54-BEA0-F0CDE0DDAE15}.Ad-Hoc|x64.ActiveCfg = Debug|Any CPU
		{CAFA01A2-C98C-4E54-BEA0-F0CDE0DDAE15}.Ad-Hoc|x64.Build.0 = Debug|Any CPU
		{CAFA01A2-C98C-4E54-BEA0-F0CDE0DDAE15}.Ad-Hoc|x64.Deploy.0 = Debug|Any CPU
		{CAFA01A2-C98C-4E54-BEA0-F0CDE0DDAE15}.Ad-Hoc|x86.ActiveCfg = Debug|Any CPU
		{CAFA01A2-C98C-4E54-BEA0-F0CDE0DDAE15}.Ad-Hoc|x86.Build.0 = Debug|Any CPU
		{CAFA01A2-C98C-4E54-BEA0-F0CDE0DDAE15}.Ad-Hoc|x86.Deploy.0 = Debug|Any CPU
		{CAFA01A2-C98C-4E54-BEA0-F0CDE0DDAE15}.AppStore|Any CPU.ActiveCfg = Debug|Any CPU
		{CAFA01A2-C98C-4E54-BEA0-F0CDE0DDAE15}.AppStore|Any CPU.Build.0 = Debug|Any CPU
		{CAFA01A2-C98C-4E54-BEA0-F0CDE0DDAE15}.AppStore|Any CPU.Deploy.0 = Debug|Any CPU
		{CAFA01A2-C98C-4E54-BEA0-F0CDE0DDAE15}.AppStore|ARM.ActiveCfg = Debug|Any CPU
		{CAFA01A2-C98C-4E54-BEA0-F0CDE0DDAE15}.AppStore|ARM.Build.0 = Debug|Any CPU
		{CAFA01A2-C98C-4E54-BEA0-F0CDE0DDAE15}.AppStore|ARM.Deploy.0 = Debug|Any CPU
		{CAFA01A2-C98C-4E54-BEA0-F0CDE0DDAE15}.AppStore|iPhone.ActiveCfg = Debug|Any CPU
		{CAFA01A2-C98C-4E54-BEA0-F0CDE0DDAE15}.AppStore|iPhone.Build.0 = Debug|Any CPU
		{CAFA01A2-C98C-4E54-BEA0-F0CDE0DDAE15}.AppStore|iPhone.Deploy.0 = Debug|Any CPU
		{CAFA01A2-C98C-4E54-BEA0-F0CDE0DDAE15}.AppStore|iPhoneSimulator.ActiveCfg = Debug|Any CPU
		{CAFA01A2-C98C-4E54-BEA0-F0CDE0DDAE15}.AppStore|iPhoneSimulator.Build.0 = Debug|Any CPU
		{CAFA01A2-C98C-4E54-BEA0-F0CDE0DDAE15}.AppStore|iPhoneSimulator.Deploy.0 = Debug|Any CPU
		{CAFA01A2-C98C-4E54-BEA0-F0CDE0DDAE15}.AppStore|x64.ActiveCfg = Debug|Any CPU
		{CAFA01A2-C98C-4E54-BEA0-F0CDE0DDAE15}.AppStore|x64.Build.0 = Debug|Any CPU
		{CAFA01A2-C98C-4E54-BEA0-F0CDE0DDAE15}.AppStore|x64.Deploy.0 = Debug|Any CPU
		{CAFA01A2-C98C-4E54-BEA0-F0CDE0DDAE15}.AppStore|x86.ActiveCfg = Debug|Any CPU
		{CAFA01A2-C98C-4E54-BEA0-F0CDE0DDAE15}.AppStore|x86.Build.0 = Debug|Any CPU
		{CAFA01A2-C98C-4E54-BEA0-F0CDE0DDAE15}.AppStore|x86.Deploy.0 = Debug|Any CPU
		{CAFA01A2-C98C-4E54-BEA0-F0CDE0DDAE15}.Debug|Any CPU.ActiveCfg = Debug|Any CPU
		{CAFA01A2-C98C-4E54-BEA0-F0CDE0DDAE15}.Debug|Any CPU.Build.0 = Debug|Any CPU
		{CAFA01A2-C98C-4E54-BEA0-F0CDE0DDAE15}.Debug|Any CPU.Deploy.0 = Debug|Any CPU
		{CAFA01A2-C98C-4E54-BEA0-F0CDE0DDAE15}.Debug|ARM.ActiveCfg = Debug|Any CPU
		{CAFA01A2-C98C-4E54-BEA0-F0CDE0DDAE15}.Debug|ARM.Build.0 = Debug|Any CPU
		{CAFA01A2-C98C-4E54-BEA0-F0CDE0DDAE15}.Debug|ARM.Deploy.0 = Debug|Any CPU
		{CAFA01A2-C98C-4E54-BEA0-F0CDE0DDAE15}.Debug|iPhone.ActiveCfg = Debug|Any CPU
		{CAFA01A2-C98C-4E54-BEA0-F0CDE0DDAE15}.Debug|iPhone.Build.0 = Debug|Any CPU
		{CAFA01A2-C98C-4E54-BEA0-F0CDE0DDAE15}.Debug|iPhone.Deploy.0 = Debug|Any CPU
		{CAFA01A2-C98C-4E54-BEA0-F0CDE0DDAE15}.Debug|iPhoneSimulator.ActiveCfg = Debug|Any CPU
		{CAFA01A2-C98C-4E54-BEA0-F0CDE0DDAE15}.Debug|iPhoneSimulator.Build.0 = Debug|Any CPU
		{CAFA01A2-C98C-4E54-BEA0-F0CDE0DDAE15}.Debug|iPhoneSimulator.Deploy.0 = Debug|Any CPU
		{CAFA01A2-C98C-4E54-BEA0-F0CDE0DDAE15}.Debug|x64.ActiveCfg = Debug|Any CPU
		{CAFA01A2-C98C-4E54-BEA0-F0CDE0DDAE15}.Debug|x64.Build.0 = Debug|Any CPU
		{CAFA01A2-C98C-4E54-BEA0-F0CDE0DDAE15}.Debug|x64.Deploy.0 = Debug|Any CPU
		{CAFA01A2-C98C-4E54-BEA0-F0CDE0DDAE15}.Debug|x86.ActiveCfg = Debug|Any CPU
		{CAFA01A2-C98C-4E54-BEA0-F0CDE0DDAE15}.Debug|x86.Build.0 = Debug|Any CPU
		{CAFA01A2-C98C-4E54-BEA0-F0CDE0DDAE15}.Debug|x86.Deploy.0 = Debug|Any CPU
		{CAFA01A2-C98C-4E54-BEA0-F0CDE0DDAE15}.Release|Any CPU.ActiveCfg = Release|Any CPU
		{CAFA01A2-C98C-4E54-BEA0-F0CDE0DDAE15}.Release|Any CPU.Build.0 = Release|Any CPU
		{CAFA01A2-C98C-4E54-BEA0-F0CDE0DDAE15}.Release|Any CPU.Deploy.0 = Release|Any CPU
		{CAFA01A2-C98C-4E54-BEA0-F0CDE0DDAE15}.Release|ARM.ActiveCfg = Release|Any CPU
		{CAFA01A2-C98C-4E54-BEA0-F0CDE0DDAE15}.Release|ARM.Build.0 = Release|Any CPU
		{CAFA01A2-C98C-4E54-BEA0-F0CDE0DDAE15}.Release|ARM.Deploy.0 = Release|Any CPU
		{CAFA01A2-C98C-4E54-BEA0-F0CDE0DDAE15}.Release|iPhone.ActiveCfg = Release|Any CPU
		{CAFA01A2-C98C-4E54-BEA0-F0CDE0DDAE15}.Release|iPhone.Build.0 = Release|Any CPU
		{CAFA01A2-C98C-4E54-BEA0-F0CDE0DDAE15}.Release|iPhone.Deploy.0 = Release|Any CPU
		{CAFA01A2-C98C-4E54-BEA0-F0CDE0DDAE15}.Release|iPhoneSimulator.ActiveCfg = Release|Any CPU
		{CAFA01A2-C98C-4E54-BEA0-F0CDE0DDAE15}.Release|iPhoneSimulator.Build.0 = Release|Any CPU
		{CAFA01A2-C98C-4E54-BEA0-F0CDE0DDAE15}.Release|iPhoneSimulator.Deploy.0 = Release|Any CPU
		{CAFA01A2-C98C-4E54-BEA0-F0CDE0DDAE15}.Release|x64.ActiveCfg = Release|Any CPU
		{CAFA01A2-C98C-4E54-BEA0-F0CDE0DDAE15}.Release|x64.Build.0 = Release|Any CPU
		{CAFA01A2-C98C-4E54-BEA0-F0CDE0DDAE15}.Release|x64.Deploy.0 = Release|Any CPU
		{CAFA01A2-C98C-4E54-BEA0-F0CDE0DDAE15}.Release|x86.ActiveCfg = Release|Any CPU
		{CAFA01A2-C98C-4E54-BEA0-F0CDE0DDAE15}.Release|x86.Build.0 = Release|Any CPU
		{CAFA01A2-C98C-4E54-BEA0-F0CDE0DDAE15}.Release|x86.Deploy.0 = Release|Any CPU
	EndGlobalSection
	GlobalSection(SolutionProperties) = preSolution
		HideSolutionNode = FALSE
	EndGlobalSection
	GlobalSection(ExtensibilityGlobals) = postSolution
		SolutionGuid = {EA23262F-90CA-464C-82A4-7E4620916801}
	EndGlobalSection
EndGlobal
